
Microsoft Visual Studio Solution File, Format Version 12.00
# Visual Studio Version 17
VisualStudioVersion = 17.11.35312.102
MinimumVisualStudioVersion = 10.0.40219.1
Project("{FAE04EC0-301F-11D3-BF4B-00C04F79EFBC}") = "Sistema Veterinário", "Sistema Veterinário.csproj", "{5517D81C-E845-4E7A-859E-3F677E213D7E}"
EndProject
Global
	GlobalSection(SolutionConfigurationPlatforms) = preSolution
		Debug|Any CPU = Debug|Any CPU
		Release|Any CPU = Release|Any CPU
	EndGlobalSection
	GlobalSection(ProjectConfigurationPlatforms) = postSolution
		{5517D81C-E845-4E7A-859E-3F677E213D7E}.Debug|Any CPU.ActiveCfg = Debug|Any CPU
		{5517D81C-E845-4E7A-859E-3F677E213D7E}.Debug|Any CPU.Build.0 = Debug|Any CPU
		{5517D81C-E845-4E7A-859E-3F677E213D7E}.Release|Any CPU.ActiveCfg = Release|Any CPU
		{5517D81C-E845-4E7A-859E-3F677E213D7E}.Release|Any CPU.Build.0 = Release|Any CPU
	EndGlobalSection
	GlobalSection(SolutionProperties) = preSolution
		HideSolutionNode = FALSE
	EndGlobalSection
	GlobalSection(ExtensibilityGlobals) = postSolution
		SolutionGuid = {2C5A18DA-2303-4FB9-A15B-4923318458DA}
	EndGlobalSection
EndGlobal
